// !$*UTF8*$!
{
	archiveVersion = 1;
	classes = {
	};
	objectVersion = 56;
	objects = {

/* Begin PBXBuildFile section */
		D22C35792B580E2A00C60500 /* LocationMapPinView.swift in Sources */ = {isa = PBXBuildFile; fileRef = D22C35782B580E2A00C60500 /* LocationMapPinView.swift */; };
		D22C357B2B58EA3000C60500 /* LocationDetailView.swift in Sources */ = {isa = PBXBuildFile; fileRef = D22C357A2B58EA3000C60500 /* LocationDetailView.swift */; };
		D2454CDA2B56E1AA00D0B2F8 /* LocationsDataService.swift in Sources */ = {isa = PBXBuildFile; fileRef = D2454CD92B56E1AA00D0B2F8 /* LocationsDataService.swift */; };
		D2454CDC2B56E7BA00D0B2F8 /* LocationsView.swift in Sources */ = {isa = PBXBuildFile; fileRef = D2454CDB2B56E7BA00D0B2F8 /* LocationsView.swift */; };
		D2454CDE2B56E8FF00D0B2F8 /* LocationsViewModel.swift in Sources */ = {isa = PBXBuildFile; fileRef = D2454CDD2B56E8FF00D0B2F8 /* LocationsViewModel.swift */; };
		D2454CE02B579EF800D0B2F8 /* LocationsListView.swift in Sources */ = {isa = PBXBuildFile; fileRef = D2454CDF2B579EF800D0B2F8 /* LocationsListView.swift */; };
		D2454CE22B57AB0300D0B2F8 /* LocationPreviewView.swift in Sources */ = {isa = PBXBuildFile; fileRef = D2454CE12B57AB0300D0B2F8 /* LocationPreviewView.swift */; };
		D266A5052B52637A005B4F08 /* SwiftUIMapApp.swift in Sources */ = {isa = PBXBuildFile; fileRef = D266A5042B52637A005B4F08 /* SwiftUIMapApp.swift */; };
		D266A5072B52637A005B4F08 /* ContentView.swift in Sources */ = {isa = PBXBuildFile; fileRef = D266A5062B52637A005B4F08 /* ContentView.swift */; };
		D266A50C2B52637D005B4F08 /* Preview Assets.xcassets in Resources */ = {isa = PBXBuildFile; fileRef = D266A50B2B52637D005B4F08 /* Preview Assets.xcassets */; };
		D266A5132B52644B005B4F08 /* Assets.xcassets in Resources */ = {isa = PBXBuildFile; fileRef = D266A5122B52644B005B4F08 /* Assets.xcassets */; };
		D266A5192B52709B005B4F08 /* Location.swift in Sources */ = {isa = PBXBuildFile; fileRef = D266A5182B52709B005B4F08 /* Location.swift */; };
/* End PBXBuildFile section */

/* Begin PBXFileReference section */
		D22C35782B580E2A00C60500 /* LocationMapPinView.swift */ = {isa = PBXFileReference; lastKnownFileType = sourcecode.swift; path = LocationMapPinView.swift; sourceTree = "<group>"; };
		D22C357A2B58EA3000C60500 /* LocationDetailView.swift */ = {isa = PBXFileReference; lastKnownFileType = sourcecode.swift; path = LocationDetailView.swift; sourceTree = "<group>"; };
		D22C357C2B58F8AF00C60500 /* Info.plist */ = {isa = PBXFileReference; lastKnownFileType = text.plist; path = Info.plist; sourceTree = "<group>"; };
		D2454CD92B56E1AA00D0B2F8 /* LocationsDataService.swift */ = {isa = PBXFileReference; fileEncoding = 4; lastKnownFileType = sourcecode.swift; path = LocationsDataService.swift; sourceTree = "<group>"; };
		D2454CDB2B56E7BA00D0B2F8 /* LocationsView.swift */ = {isa = PBXFileReference; lastKnownFileType = sourcecode.swift; path = LocationsView.swift; sourceTree = "<group>"; };
		D2454CDD2B56E8FF00D0B2F8 /* LocationsViewModel.swift */ = {isa = PBXFileReference; lastKnownFileType = sourcecode.swift; path = LocationsViewModel.swift; sourceTree = "<group>"; };
		D2454CDF2B579EF800D0B2F8 /* LocationsListView.swift */ = {isa = PBXFileReference; lastKnownFileType = sourcecode.swift; path = LocationsListView.swift; sourceTree = "<group>"; };
		D2454CE12B57AB0300D0B2F8 /* LocationPreviewView.swift */ = {isa = PBXFileReference; lastKnownFileType = sourcecode.swift; path = LocationPreviewView.swift; sourceTree = "<group>"; };
		D266A5012B52637A005B4F08 /* SwiftUIMap.app */ = {isa = PBXFileReference; explicitFileType = wrapper.application; includeInIndex = 0; path = SwiftUIMap.app; sourceTree = BUILT_PRODUCTS_DIR; };
		D266A5042B52637A005B4F08 /* SwiftUIMapApp.swift */ = {isa = PBXFileReference; lastKnownFileType = sourcecode.swift; path = SwiftUIMapApp.swift; sourceTree = "<group>"; };
		D266A5062B52637A005B4F08 /* ContentView.swift */ = {isa = PBXFileReference; lastKnownFileType = sourcecode.swift; path = ContentView.swift; sourceTree = "<group>"; };
		D266A50B2B52637D005B4F08 /* Preview Assets.xcassets */ = {isa = PBXFileReference; lastKnownFileType = folder.assetcatalog; path = "Preview Assets.xcassets"; sourceTree = "<group>"; };
		D266A5122B52644B005B4F08 /* Assets.xcassets */ = {isa = PBXFileReference; lastKnownFileType = folder.assetcatalog; path = Assets.xcassets; sourceTree = "<group>"; };
		D266A5182B52709B005B4F08 /* Location.swift */ = {isa = PBXFileReference; lastKnownFileType = sourcecode.swift; path = Location.swift; sourceTree = "<group>"; };
/* End PBXFileReference section */

/* Begin PBXFrameworksBuildPhase section */
		D266A4FE2B52637A005B4F08 /* Frameworks */ = {
			isa = PBXFrameworksBuildPhase;
			buildActionMask = 2147483647;
			files = (
			);
			runOnlyForDeploymentPostprocessing = 0;
		};
/* End PBXFrameworksBuildPhase section */

/* Begin PBXGroup section */
		D2454CD82B56E07F00D0B2F8 /* DataServices */ = {
			isa = PBXGroup;
			children = (
				D2454CD92B56E1AA00D0B2F8 /* LocationsDataService.swift */,
			);
			path = DataServices;
			sourceTree = "<group>";
		};
		D266A4F82B52637A005B4F08 = {
			isa = PBXGroup;
			children = (
				D266A5032B52637A005B4F08 /* SwiftUIMap */,
				D266A5022B52637A005B4F08 /* Products */,
			);
			sourceTree = "<group>";
		};
		D266A5022B52637A005B4F08 /* Products */ = {
			isa = PBXGroup;
			children = (
				D266A5012B52637A005B4F08 /* SwiftUIMap.app */,
			);
			name = Products;
			sourceTree = "<group>";
		};
		D266A5032B52637A005B4F08 /* SwiftUIMap */ = {
			isa = PBXGroup;
			children = (
				D22C357C2B58F8AF00C60500 /* Info.plist */,
				D266A5042B52637A005B4F08 /* SwiftUIMapApp.swift */,
				D266A5062B52637A005B4F08 /* ContentView.swift */,
				D2454CD82B56E07F00D0B2F8 /* DataServices */,
				D266A5152B526EF3005B4F08 /* Views */,
				D266A5172B527042005B4F08 /* ViewModels */,
				D266A5142B526EE3005B4F08 /* Models */,
				D266A5122B52644B005B4F08 /* Assets.xcassets */,
				D266A50A2B52637D005B4F08 /* Preview Content */,
			);
			path = SwiftUIMap;
			sourceTree = "<group>";
		};
		D266A50A2B52637D005B4F08 /* Preview Content */ = {
			isa = PBXGroup;
			children = (
				D266A50B2B52637D005B4F08 /* Preview Assets.xcassets */,
			);
			path = "Preview Content";
			sourceTree = "<group>";
		};
		D266A5142B526EE3005B4F08 /* Models */ = {
			isa = PBXGroup;
			children = (
				D266A5182B52709B005B4F08 /* Location.swift */,
			);
			path = Models;
			sourceTree = "<group>";
		};
		D266A5152B526EF3005B4F08 /* Views */ = {
			isa = PBXGroup;
			children = (
				D2454CDB2B56E7BA00D0B2F8 /* LocationsView.swift */,
				D2454CDF2B579EF800D0B2F8 /* LocationsListView.swift */,
				D2454CE12B57AB0300D0B2F8 /* LocationPreviewView.swift */,
				D22C35782B580E2A00C60500 /* LocationMapPinView.swift */,
				D22C357A2B58EA3000C60500 /* LocationDetailView.swift */,
			);
			path = Views;
			sourceTree = "<group>";
		};
		D266A5172B527042005B4F08 /* ViewModels */ = {
			isa = PBXGroup;
			children = (
				D2454CDD2B56E8FF00D0B2F8 /* LocationsViewModel.swift */,
			);
			path = ViewModels;
			sourceTree = "<group>";
		};
/* End PBXGroup section */

/* Begin PBXNativeTarget section */
		D266A5002B52637A005B4F08 /* SwiftUIMap */ = {
			isa = PBXNativeTarget;
			buildConfigurationList = D266A50F2B52637D005B4F08 /* Build configuration list for PBXNativeTarget "SwiftUIMap" */;
			buildPhases = (
				D266A4FD2B52637A005B4F08 /* Sources */,
				D266A4FE2B52637A005B4F08 /* Frameworks */,
				D266A4FF2B52637A005B4F08 /* Resources */,
			);
			buildRules = (
			);
			dependencies = (
			);
			name = SwiftUIMap;
			productName = SwiftUIMap;
			productReference = D266A5012B52637A005B4F08 /* SwiftUIMap.app */;
			productType = "com.apple.product-type.application";
		};
/* End PBXNativeTarget section */

/* Begin PBXProject section */
		D266A4F92B52637A005B4F08 /* Project object */ = {
			isa = PBXProject;
			attributes = {
				BuildIndependentTargetsInParallel = 1;
				LastSwiftUpdateCheck = 1520;
				LastUpgradeCheck = 1520;
				TargetAttributes = {
					D266A5002B52637A005B4F08 = {
						CreatedOnToolsVersion = 15.2;
					};
				};
			};
			buildConfigurationList = D266A4FC2B52637A005B4F08 /* Build configuration list for PBXProject "SwiftUIMap" */;
			compatibilityVersion = "Xcode 14.0";
			developmentRegion = en;
			hasScannedForEncodings = 0;
			knownRegions = (
				en,
				Base,
			);
			mainGroup = D266A4F82B52637A005B4F08;
			productRefGroup = D266A5022B52637A005B4F08 /* Products */;
			projectDirPath = "";
			projectRoot = "";
			targets = (
				D266A5002B52637A005B4F08 /* SwiftUIMap */,
			);
		};
/* End PBXProject section */

/* Begin PBXResourcesBuildPhase section */
		D266A4FF2B52637A005B4F08 /* Resources */ = {
			isa = PBXResourcesBuildPhase;
			buildActionMask = 2147483647;
			files = (
				D266A5132B52644B005B4F08 /* Assets.xcassets in Resources */,
				D266A50C2B52637D005B4F08 /* Preview Assets.xcassets in Resources */,
			);
			runOnlyForDeploymentPostprocessing = 0;
		};
/* End PBXResourcesBuildPhase section */

/* Begin PBXSourcesBuildPhase section */
		D266A4FD2B52637A005B4F08 /* Sources */ = {
			isa = PBXSourcesBuildPhase;
			buildActionMask = 2147483647;
			files = (
				D2454CDA2B56E1AA00D0B2F8 /* LocationsDataService.swift in Sources */,
				D2454CE02B579EF800D0B2F8 /* LocationsListView.swift in Sources */,
				D2454CE22B57AB0300D0B2F8 /* LocationPreviewView.swift in Sources */,
				D2454CDE2B56E8FF00D0B2F8 /* LocationsViewModel.swift in Sources */,
				D266A5072B52637A005B4F08 /* ContentView.swift in Sources */,
				D2454CDC2B56E7BA00D0B2F8 /* LocationsView.swift in Sources */,
				D266A5192B52709B005B4F08 /* Location.swift in Sources */,
				D22C35792B580E2A00C60500 /* LocationMapPinView.swift in Sources */,
				D22C357B2B58EA3000C60500 /* LocationDetailView.swift in Sources */,
				D266A5052B52637A005B4F08 /* SwiftUIMapApp.swift in Sources */,
			);
			runOnlyForDeploymentPostprocessing = 0;
		};
/* End PBXSourcesBuildPhase section */

/* Begin XCBuildConfiguration section */
		D266A50D2B52637D005B4F08 /* Debug */ = {
			isa = XCBuildConfiguration;
			buildSettings = {
				ALWAYS_SEARCH_USER_PATHS = NO;
				ASSETCATALOG_COMPILER_GENERATE_SWIFT_ASSET_SYMBOL_EXTENSIONS = YES;
				CLANG_ANALYZER_NONNULL = YES;
				CLANG_ANALYZER_NUMBER_OBJECT_CONVERSION = YES_AGGRESSIVE;
				CLANG_CXX_LANGUAGE_STANDARD = "gnu++20";
				CLANG_ENABLE_MODULES = YES;
				CLANG_ENABLE_OBJC_ARC = YES;
				CLANG_ENABLE_OBJC_WEAK = YES;
				CLANG_WARN_BLOCK_CAPTURE_AUTORELEASING = YES;
				CLANG_WARN_BOOL_CONVERSION = YES;
				CLANG_WARN_COMMA = YES;
				CLANG_WARN_CONSTANT_CONVERSION = YES;
				CLANG_WARN_DEPRECATED_OBJC_IMPLEMENTATIONS = YES;
				CLANG_WARN_DIRECT_OBJC_ISA_USAGE = YES_ERROR;
				CLANG_WARN_DOCUMENTATION_COMMENTS = YES;
				CLANG_WARN_EMPTY_BODY = YES;
				CLANG_WARN_ENUM_CONVERSION = YES;
				CLANG_WARN_INFINITE_RECURSION = YES;
				CLANG_WARN_INT_CONVERSION = YES;
				CLANG_WARN_NON_LITERAL_NULL_CONVERSION = YES;
				CLANG_WARN_OBJC_IMPLICIT_RETAIN_SELF = YES;
				CLANG_WARN_OBJC_LITERAL_CONVERSION = YES;
				CLANG_WARN_OBJC_ROOT_CLASS = YES_ERROR;
				CLANG_WARN_QUOTED_INCLUDE_IN_FRAMEWORK_HEADER = YES;
				CLANG_WARN_RANGE_LOOP_ANALYSIS = YES;
				CLANG_WARN_STRICT_PROTOTYPES = YES;
				CLANG_WARN_SUSPICIOUS_MOVE = YES;
				CLANG_WARN_UNGUARDED_AVAILABILITY = YES_AGGRESSIVE;
				CLANG_WARN_UNREACHABLE_CODE = YES;
				CLANG_WARN__DUPLICATE_METHOD_MATCH = YES;
				COPY_PHASE_STRIP = NO;
				DEBUG_INFORMATION_FORMAT = dwarf;
				ENABLE_STRICT_OBJC_MSGSEND = YES;
				ENABLE_TESTABILITY = YES;
				ENABLE_USER_SCRIPT_SANDBOXING = YES;
				GCC_C_LANGUAGE_STANDARD = gnu17;
				GCC_DYNAMIC_NO_PIC = NO;
				GCC_NO_COMMON_BLOCKS = YES;
				GCC_OPTIMIZATION_LEVEL = 0;
				GCC_PREPROCESSOR_DEFINITIONS = (
					"DEBUG=1",
					"$(inherited)",
				);
				GCC_WARN_64_TO_32_BIT_CONVERSION = YES;
				GCC_WARN_ABOUT_RETURN_TYPE = YES_ERROR;
				GCC_WARN_UNDECLARED_SELECTOR = YES;
				GCC_WARN_UNINITIALIZED_AUTOS = YES_AGGRESSIVE;
				GCC_WARN_UNUSED_FUNCTION = YES;
				GCC_WARN_UNUSED_VARIABLE = YES;
				IPHONEOS_DEPLOYMENT_TARGET = 17.2;
				LOCALIZATION_PREFERS_STRING_CATALOGS = YES;
				MTL_ENABLE_DEBUG_INFO = INCLUDE_SOURCE;
				MTL_FAST_MATH = YES;
				ONLY_ACTIVE_ARCH = YES;
				SDKROOT = iphoneos;
				SWIFT_ACTIVE_COMPILATION_CONDITIONS = "DEBUG $(inherited)";
				SWIFT_OPTIMIZATION_LEVEL = "-Onone";
			};
			name = Debug;
		};
		D266A50E2B52637D005B4F08 /* Release */ = {
			isa = XCBuildConfiguration;
			buildSettings = {
				ALWAYS_SEARCH_USER_PATHS = NO;
				ASSETCATALOG_COMPILER_GENERATE_SWIFT_ASSET_SYMBOL_EXTENSIONS = YES;
				CLANG_ANALYZER_NONNULL = YES;
				CLANG_ANALYZER_NUMBER_OBJECT_CONVERSION = YES_AGGRESSIVE;
				CLANG_CXX_LANGUAGE_STANDARD = "gnu++20";
				CLANG_ENABLE_MODULES = YES;
				CLANG_ENABLE_OBJC_ARC = YES;
				CLANG_ENABLE_OBJC_WEAK = YES;
				CLANG_WARN_BLOCK_CAPTURE_AUTORELEASING = YES;
				CLANG_WARN_BOOL_CONVERSION = YES;
				CLANG_WARN_COMMA = YES;
				CLANG_WARN_CONSTANT_CONVERSION = YES;
				CLANG_WARN_DEPRECATED_OBJC_IMPLEMENTATIONS = YES;
				CLANG_WARN_DIRECT_OBJC_ISA_USAGE = YES_ERROR;
				CLANG_WARN_DOCUMENTATION_COMMENTS = YES;
				CLANG_WARN_EMPTY_BODY = YES;
				CLANG_WARN_ENUM_CONVERSION = YES;
				CLANG_WARN_INFINITE_RECURSION = YES;
				CLANG_WARN_INT_CONVERSION = YES;
				CLANG_WARN_NON_LITERAL_NULL_CONVERSION = YES;
				CLANG_WARN_OBJC_IMPLICIT_RETAIN_SELF = YES;
				CLANG_WARN_OBJC_LITERAL_CONVERSION = YES;
				CLANG_WARN_OBJC_ROOT_CLASS = YES_ERROR;
				CLANG_WARN_QUOTED_INCLUDE_IN_FRAMEWORK_HEADER = YES;
				CLANG_WARN_RANGE_LOOP_ANALYSIS = YES;
				CLANG_WARN_STRICT_PROTOTYPES = YES;
				CLANG_WARN_SUSPICIOUS_MOVE = YES;
				CLANG_WARN_UNGUARDED_AVAILABILITY = YES_AGGRESSIVE;
				CLANG_WARN_UNREACHABLE_CODE = YES;
				CLANG_WARN__DUPLICATE_METHOD_MATCH = YES;
				COPY_PHASE_STRIP = NO;
				DEBUG_INFORMATION_FORMAT = "dwarf-with-dsym";
				ENABLE_NS_ASSERTIONS = NO;
				ENABLE_STRICT_OBJC_MSGSEND = YES;
				ENABLE_USER_SCRIPT_SANDBOXING = YES;
				GCC_C_LANGUAGE_STANDARD = gnu17;
				GCC_NO_COMMON_BLOCKS = YES;
				GCC_WARN_64_TO_32_BIT_CONVERSION = YES;
				GCC_WARN_ABOUT_RETURN_TYPE = YES_ERROR;
				GCC_WARN_UNDECLARED_SELECTOR = YES;
				GCC_WARN_UNINITIALIZED_AUTOS = YES_AGGRESSIVE;
				GCC_WARN_UNUSED_FUNCTION = YES;
				GCC_WARN_UNUSED_VARIABLE = YES;
				IPHONEOS_DEPLOYMENT_TARGET = 17.2;
				LOCALIZATION_PREFERS_STRING_CATALOGS = YES;
				MTL_ENABLE_DEBUG_INFO = NO;
				MTL_FAST_MATH = YES;
				SDKROOT = iphoneos;
				SWIFT_COMPILATION_MODE = wholemodule;
				VALIDATE_PRODUCT = YES;
			};
			name = Release;
		};
		D266A5102B52637D005B4F08 /* Debug */ = {
			isa = XCBuildConfiguration;
			buildSettings = {
				ASSETCATALOG_COMPILER_APPICON_NAME = AppIcon;
				ASSETCATALOG_COMPILER_GLOBAL_ACCENT_COLOR_NAME = AccentColor;
				CODE_SIGN_STYLE = Automatic;
				CURRENT_PROJECT_VERSION = 1;
				DEVELOPMENT_ASSET_PATHS = "\"SwiftUIMap/Preview Content\"";
				DEVELOPMENT_TEAM = 6SG8CN98LU;
				ENABLE_PREVIEWS = YES;
				GENERATE_INFOPLIST_FILE = YES;
				INFOPLIST_FILE = SwiftUIMap/Info.plist;
				INFOPLIST_KEY_UIApplicationSceneManifest_Generation = YES;
				INFOPLIST_KEY_UIApplicationSupportsIndirectInputEvents = YES;
				INFOPLIST_KEY_UISupportedInterfaceOrientations = UIInterfaceOrientationPortrait;
				INFOPLIST_KEY_UISupportedInterfaceOrientations_iPad = "UIInterfaceOrientationLandscapeLeft UIInterfaceOrientationLandscapeRight UIInterfaceOrientationPortrait UIInterfaceOrientationPortraitUpsideDown";
				LD_RUNPATH_SEARCH_PATHS = (
					"$(inherited)",
					"@executable_path/Frameworks",
				);
				MARKETING_VERSION = 1.0;
				PRODUCT_BUNDLE_IDENTIFIER = uz.credaagency.SwiftUIMap;
				PRODUCT_NAME = "$(TARGET_NAME)";
				SUPPORTED_PLATFORMS = "iphoneos iphonesimulator";
				SUPPORTS_MACCATALYST = NO;
				SUPPORTS_MAC_DESIGNED_FOR_IPHONE_IPAD = NO;
				SUPPORTS_XR_DESIGNED_FOR_IPHONE_IPAD = NO;
				SWIFT_EMIT_LOC_STRINGS = YES;
				SWIFT_VERSION = 5.0;
				TARGETED_DEVICE_FAMILY = "1,2";
			};
			name = Debug;
		};
		D266A5112B52637D005B4F08 /* Release */ = {
			isa = XCBuildConfiguration;
			buildSettings = {
				ASSETCATALOG_COMPILER_APPICON_NAME = AppIcon;
				ASSETCATALOG_COMPILER_GLOBAL_ACCENT_COLOR_NAME = AccentColor;
				CODE_SIGN_STYLE = Automatic;
				CURRENT_PROJECT_VERSION = 1;
				DEVELOPMENT_ASSET_PATHS = "\"SwiftUIMap/Preview Content\"";
				DEVELOPMENT_TEAM = 6SG8CN98LU;
				ENABLE_PREVIEWS = YES;
				GENERATE_INFOPLIST_FILE = YES;
				INFOPLIST_FILE = SwiftUIMap/Info.plist;
				INFOPLIST_KEY_UIApplicationSceneManifest_Generation = YES;
				INFOPLIST_KEY_UIApplicationSupportsIndirectInputEvents = YES;
				INFOPLIST_KEY_UISupportedInterfaceOrientations = UIInterfaceOrientationPortrait;
				INFOPLIST_KEY_UISupportedInterfaceOrientations_iPad = "UIInterfaceOrientationLandscapeLeft UIInterfaceOrientationLandscapeRight UIInterfaceOrientationPortrait UIInterfaceOrientationPortraitUpsideDown";
				LD_RUNPATH_SEARCH_PATHS = (
					"$(inherited)",
					"@executable_path/Frameworks",
				);
				MARKETING_VERSION = 1.0;
				PRODUCT_BUNDLE_IDENTIFIER = uz.credaagency.SwiftUIMap;
				PRODUCT_NAME = "$(TARGET_NAME)";
				SUPPORTED_PLATFORMS = "iphoneos iphonesimulator";
				SUPPORTS_MACCATALYST = NO;
				SUPPORTS_MAC_DESIGNED_FOR_IPHONE_IPAD = NO;
				SUPPORTS_XR_DESIGNED_FOR_IPHONE_IPAD = NO;
				SWIFT_EMIT_LOC_STRINGS = YES;
				SWIFT_VERSION = 5.0;
				TARGETED_DEVICE_FAMILY = "1,2";
			};
			name = Release;
		};
/* End XCBuildConfiguration section */

/* Begin XCConfigurationList section */
		D266A4FC2B52637A005B4F08 /* Build configuration list for PBXProject "SwiftUIMap" */ = {
			isa = XCConfigurationList;
			buildConfigurations = (
				D266A50D2B52637D005B4F08 /* Debug */,
				D266A50E2B52637D005B4F08 /* Release */,
			);
			defaultConfigurationIsVisible = 0;
			defaultConfigurationName = Release;
		};
		D266A50F2B52637D005B4F08 /* Build configuration list for PBXNativeTarget "SwiftUIMap" */ = {
			isa = XCConfigurationList;
			buildConfigurations = (
				D266A5102B52637D005B4F08 /* Debug */,
				D266A5112B52637D005B4F08 /* Release */,
			);
			defaultConfigurationIsVisible = 0;
			defaultConfigurationName = Release;
		};
/* End XCConfigurationList section */
	};
	rootObject = D266A4F92B52637A005B4F08 /* Project object */;
}
